// !$*UTF8*$!
{
	archiveVersion = 1;
	classes = {
	};
	objectVersion = 51;
	objects = {

/* Begin PBXBuildFile section */
		7A34D6C3B7583F9883F87703 /* Pods_taskapp.framework in Frameworks */ = {isa = PBXBuildFile; fileRef = 8C86BED2455C04B6D195D1F1 /* Pods_taskapp.framework */; };
		FD22FE772582488500EB9FE4 /* TaskInfoCell.swift in Sources */ = {isa = PBXBuildFile; fileRef = FD22FE752582488500EB9FE4 /* TaskInfoCell.swift */; };
		FD22FE782582488500EB9FE4 /* TaskInfoCell.xib in Resources */ = {isa = PBXBuildFile; fileRef = FD22FE762582488500EB9FE4 /* TaskInfoCell.xib */; };
		FDB156AE255A44AD00A42DEE /* AppDelegate.swift in Sources */ = {isa = PBXBuildFile; fileRef = FDB156AD255A44AD00A42DEE /* AppDelegate.swift */; };
		FDB156B0255A44AD00A42DEE /* SceneDelegate.swift in Sources */ = {isa = PBXBuildFile; fileRef = FDB156AF255A44AD00A42DEE /* SceneDelegate.swift */; };
		FDB156B2255A44AD00A42DEE /* ViewController.swift in Sources */ = {isa = PBXBuildFile; fileRef = FDB156B1255A44AD00A42DEE /* ViewController.swift */; };
		FDB156B5255A44AD00A42DEE /* Main.storyboard in Resources */ = {isa = PBXBuildFile; fileRef = FDB156B3255A44AD00A42DEE /* Main.storyboard */; };
		FDB156B7255A44B100A42DEE /* Assets.xcassets in Resources */ = {isa = PBXBuildFile; fileRef = FDB156B6255A44B100A42DEE /* Assets.xcassets */; };
		FDB156BA255A44B100A42DEE /* LaunchScreen.storyboard in Resources */ = {isa = PBXBuildFile; fileRef = FDB156B8255A44B100A42DEE /* LaunchScreen.storyboard */; };
		FDB156C2255B9E7B00A42DEE /* InputViewController.swift in Sources */ = {isa = PBXBuildFile; fileRef = FDB156C1255B9E7B00A42DEE /* InputViewController.swift */; };
		FDB156CE255D771900A42DEE /* Task.swift in Sources */ = {isa = PBXBuildFile; fileRef = FDB156CD255D771900A42DEE /* Task.swift */; };
/* End PBXBuildFile section */

/* Begin PBXFileReference section */
		49891EC3B71D507B073DD7AB /* Pods-taskapp.release.xcconfig */ = {isa = PBXFileReference; includeInIndex = 1; lastKnownFileType = text.xcconfig; name = "Pods-taskapp.release.xcconfig"; path = "Target Support Files/Pods-taskapp/Pods-taskapp.release.xcconfig"; sourceTree = "<group>"; };
		8C86BED2455C04B6D195D1F1 /* Pods_taskapp.framework */ = {isa = PBXFileReference; explicitFileType = wrapper.framework; includeInIndex = 0; path = Pods_taskapp.framework; sourceTree = BUILT_PRODUCTS_DIR; };
		A98991A1008AB7CFA897A618 /* Pods-taskapp.debug.xcconfig */ = {isa = PBXFileReference; includeInIndex = 1; lastKnownFileType = text.xcconfig; name = "Pods-taskapp.debug.xcconfig"; path = "Target Support Files/Pods-taskapp/Pods-taskapp.debug.xcconfig"; sourceTree = "<group>"; };
		FD22FE752582488500EB9FE4 /* TaskInfoCell.swift */ = {isa = PBXFileReference; lastKnownFileType = sourcecode.swift; path = TaskInfoCell.swift; sourceTree = "<group>"; };
		FD22FE762582488500EB9FE4 /* TaskInfoCell.xib */ = {isa = PBXFileReference; lastKnownFileType = file.xib; path = TaskInfoCell.xib; sourceTree = "<group>"; };
		FDB156AA255A44AD00A42DEE /* taskapp.app */ = {isa = PBXFileReference; explicitFileType = wrapper.application; includeInIndex = 0; path = taskapp.app; sourceTree = BUILT_PRODUCTS_DIR; };
		FDB156AD255A44AD00A42DEE /* AppDelegate.swift */ = {isa = PBXFileReference; lastKnownFileType = sourcecode.swift; path = AppDelegate.swift; sourceTree = "<group>"; };
		FDB156AF255A44AD00A42DEE /* SceneDelegate.swift */ = {isa = PBXFileReference; lastKnownFileType = sourcecode.swift; path = SceneDelegate.swift; sourceTree = "<group>"; };
		FDB156B1255A44AD00A42DEE /* ViewController.swift */ = {isa = PBXFileReference; lastKnownFileType = sourcecode.swift; path = ViewController.swift; sourceTree = "<group>"; };
		FDB156B4255A44AD00A42DEE /* Base */ = {isa = PBXFileReference; lastKnownFileType = file.storyboard; name = Base; path = Base.lproj/Main.storyboard; sourceTree = "<group>"; };
		FDB156B6255A44B100A42DEE /* Assets.xcassets */ = {isa = PBXFileReference; lastKnownFileType = folder.assetcatalog; path = Assets.xcassets; sourceTree = "<group>"; };
		FDB156B9255A44B100A42DEE /* Base */ = {isa = PBXFileReference; lastKnownFileType = file.storyboard; name = Base; path = Base.lproj/LaunchScreen.storyboard; sourceTree = "<group>"; };
		FDB156BB255A44B100A42DEE /* Info.plist */ = {isa = PBXFileReference; lastKnownFileType = text.plist.xml; path = Info.plist; sourceTree = "<group>"; };
		FDB156C1255B9E7B00A42DEE /* InputViewController.swift */ = {isa = PBXFileReference; lastKnownFileType = sourcecode.swift; path = InputViewController.swift; sourceTree = "<group>"; };
		FDB156CD255D771900A42DEE /* Task.swift */ = {isa = PBXFileReference; lastKnownFileType = sourcecode.swift; path = Task.swift; sourceTree = "<group>"; };
/* End PBXFileReference section */

/* Begin PBXFrameworksBuildPhase section */
		FDB156A7255A44AD00A42DEE /* Frameworks */ = {
			isa = PBXFrameworksBuildPhase;
			buildActionMask = 2147483647;
			files = (
				7A34D6C3B7583F9883F87703 /* Pods_taskapp.framework in Frameworks */,
			);
			runOnlyForDeploymentPostprocessing = 0;
		};
/* End PBXFrameworksBuildPhase section */

/* Begin PBXGroup section */
		833899502EFDED8C3F07226B /* Frameworks */ = {
			isa = PBXGroup;
			children = (
				8C86BED2455C04B6D195D1F1 /* Pods_taskapp.framework */,
			);
			name = Frameworks;
			sourceTree = "<group>";
		};
		D493FAC71D1BAA9541EC173C /* Pods */ = {
			isa = PBXGroup;
			children = (
				A98991A1008AB7CFA897A618 /* Pods-taskapp.debug.xcconfig */,
				49891EC3B71D507B073DD7AB /* Pods-taskapp.release.xcconfig */,
			);
			path = Pods;
			sourceTree = "<group>";
		};
		FDB156A1255A44AD00A42DEE = {
			isa = PBXGroup;
			children = (
				FDB156AC255A44AD00A42DEE /* taskapp */,
				FDB156AB255A44AD00A42DEE /* Products */,
				D493FAC71D1BAA9541EC173C /* Pods */,
				833899502EFDED8C3F07226B /* Frameworks */,
			);
			sourceTree = "<group>";
		};
		FDB156AB255A44AD00A42DEE /* Products */ = {
			isa = PBXGroup;
			children = (
				FDB156AA255A44AD00A42DEE /* taskapp.app */,
			);
			name = Products;
			sourceTree = "<group>";
		};
		FDB156AC255A44AD00A42DEE /* taskapp */ = {
			isa = PBXGroup;
			children = (
				FDB156AD255A44AD00A42DEE /* AppDelegate.swift */,
				FDB156AF255A44AD00A42DEE /* SceneDelegate.swift */,
				FDB156B1255A44AD00A42DEE /* ViewController.swift */,
				FDB156C1255B9E7B00A42DEE /* InputViewController.swift */,
				FDB156B3255A44AD00A42DEE /* Main.storyboard */,
				FDB156B6255A44B100A42DEE /* Assets.xcassets */,
				FDB156B8255A44B100A42DEE /* LaunchScreen.storyboard */,
				FDB156BB255A44B100A42DEE /* Info.plist */,
				FDB156CD255D771900A42DEE /* Task.swift */,
				FD22FE752582488500EB9FE4 /* TaskInfoCell.swift */,
				FD22FE762582488500EB9FE4 /* TaskInfoCell.xib */,
			);
			path = taskapp;
			sourceTree = "<group>";
		};
/* End PBXGroup section */

/* Begin PBXNativeTarget section */
		FDB156A9255A44AD00A42DEE /* taskapp */ = {
			isa = PBXNativeTarget;
			buildConfigurationList = FDB156BE255A44B100A42DEE /* Build configuration list for PBXNativeTarget "taskapp" */;
			buildPhases = (
				EDEE353B24066E9D86CE68F8 /* [CP] Check Pods Manifest.lock */,
				FDB156A6255A44AD00A42DEE /* Sources */,
				FDB156A7255A44AD00A42DEE /* Frameworks */,
				FDB156A8255A44AD00A42DEE /* Resources */,
				C2EBCE5E0B02234B476FD885 /* [CP] Embed Pods Frameworks */,
			);
			buildRules = (
			);
			dependencies = (
			);
			name = taskapp;
			productName = taskapp;
			productReference = FDB156AA255A44AD00A42DEE /* taskapp.app */;
			productType = "com.apple.product-type.application";
		};
/* End PBXNativeTarget section */

/* Begin PBXProject section */
		FDB156A2255A44AD00A42DEE /* Project object */ = {
			isa = PBXProject;
			attributes = {
				LastSwiftUpdateCheck = 1150;
				LastUpgradeCheck = 1150;
				ORGANIZATIONNAME = "中村智史";
				TargetAttributes = {
					FDB156A9255A44AD00A42DEE = {
						CreatedOnToolsVersion = 11.5;
					};
				};
			};
			buildConfigurationList = FDB156A5255A44AD00A42DEE /* Build configuration list for PBXProject "taskapp" */;
			compatibilityVersion = "Xcode 9.3";
			developmentRegion = en;
			hasScannedForEncodings = 0;
			knownRegions = (
				en,
				Base,
			);
			mainGroup = FDB156A1255A44AD00A42DEE;
			productRefGroup = FDB156AB255A44AD00A42DEE /* Products */;
			projectDirPath = "";
			projectRoot = "";
			targets = (
				FDB156A9255A44AD00A42DEE /* taskapp */,
			);
		};
/* End PBXProject section */

/* Begin PBXResourcesBuildPhase section */
		FDB156A8255A44AD00A42DEE /* Resources */ = {
			isa = PBXResourcesBuildPhase;
			buildActionMask = 2147483647;
			files = (
				FDB156BA255A44B100A42DEE /* LaunchScreen.storyboard in Resources */,
				FDB156B7255A44B100A42DEE /* Assets.xcassets in Resources */,
				FDB156B5255A44AD00A42DEE /* Main.storyboard in Resources */,
				FD22FE782582488500EB9FE4 /* TaskInfoCell.xib in Resources */,
			);
			runOnlyForDeploymentPostprocessing = 0;
		};
/* End PBXResourcesBuildPhase section */

/* Begin PBXShellScriptBuildPhase section */
		C2EBCE5E0B02234B476FD885 /* [CP] Embed Pods Frameworks */ = {
			isa = PBXShellScriptBuildPhase;
			buildActionMask = 2147483647;
			files = (
			);
			inputFileListPaths = (
				"${PODS_ROOT}/Target Support Files/Pods-taskapp/Pods-taskapp-frameworks-${CONFIGURATION}-input-files.xcfilelist",
			);
			name = "[CP] Embed Pods Frameworks";
			outputFileListPaths = (
				"${PODS_ROOT}/Target Support Files/Pods-taskapp/Pods-taskapp-frameworks-${CONFIGURATION}-output-files.xcfilelist",
			);
			runOnlyForDeploymentPostprocessing = 0;
			shellPath = /bin/sh;
			shellScript = "\"${PODS_ROOT}/Target Support Files/Pods-taskapp/Pods-taskapp-frameworks.sh\"\n";
			showEnvVarsInLog = 0;
		};
		EDEE353B24066E9D86CE68F8 /* [CP] Check Pods Manifest.lock */ = {
			isa = PBXShellScriptBuildPhase;
			buildActionMask = 2147483647;
			files = (
			);
			inputFileListPaths = (
			);
			inputPaths = (
				"${PODS_PODFILE_DIR_PATH}/Podfile.lock",
				"${PODS_ROOT}/Manifest.lock",
			);
			name = "[CP] Check Pods Manifest.lock";
			outputFileListPaths = (
			);
			outputPaths = (
				"$(DERIVED_FILE_DIR)/Pods-taskapp-checkManifestLockResult.txt",
			);
			runOnlyForDeploymentPostprocessing = 0;
			shellPath = /bin/sh;
			shellScript = "diff \"${PODS_PODFILE_DIR_PATH}/Podfile.lock\" \"${PODS_ROOT}/Manifest.lock\" > /dev/null\nif [ $? != 0 ] ; then\n    # print error to STDERR\n    echo \"error: The sandbox is not in sync with the Podfile.lock. Run 'pod install' or update your CocoaPods installation.\" >&2\n    exit 1\nfi\n# This output is used by Xcode 'outputs' to avoid re-running this script phase.\necho \"SUCCESS\" > \"${SCRIPT_OUTPUT_FILE_0}\"\n";
			showEnvVarsInLog = 0;
		};
/* End PBXShellScriptBuildPhase section */

/* Begin PBXSourcesBuildPhase section */
		FDB156A6255A44AD00A42DEE /* Sources */ = {
			isa = PBXSourcesBuildPhase;
			buildActionMask = 2147483647;
			files = (
				FDB156B2255A44AD00A42DEE /* ViewController.swift in Sources */,
				FD22FE772582488500EB9FE4 /* TaskInfoCell.swift in Sources */,
				FDB156AE255A44AD00A42DEE /* AppDelegate.swift in Sources */,
				FDB156CE255D771900A42DEE /* Task.swift in Sources */,
				FDB156B0255A44AD00A42DEE /* SceneDelegate.swift in Sources */,
				FDB156C2255B9E7B00A42DEE /* InputViewController.swift in Sources */,
			);
			runOnlyForDeploymentPostprocessing = 0;
		};
/* End PBXSourcesBuildPhase section */

/* Begin PBXVariantGroup section */
		FDB156B3255A44AD00A42DEE /* Main.storyboard */ = {
			isa = PBXVariantGroup;
			children = (
				FDB156B4255A44AD00A42DEE /* Base */,
			);
			name = Main.storyboard;
			sourceTree = "<group>";
		};
		FDB156B8255A44B100A42DEE /* LaunchScreen.storyboard */ = {
			isa = PBXVariantGroup;
			children = (
				FDB156B9255A44B100A42DEE /* Base */,
			);
			name = LaunchScreen.storyboard;
			sourceTree = "<group>";
		};
/* End PBXVariantGroup section */

/* Begin XCBuildConfiguration section */
		FDB156BC255A44B100A42DEE /* Debug */ = {
			isa = XCBuildConfiguration;
			buildSettings = {
				ALWAYS_SEARCH_USER_PATHS = NO;
				CLANG_ANALYZER_NONNULL = YES;
				CLANG_ANALYZER_NUMBER_OBJECT_CONVERSION = YES_AGGRESSIVE;
				CLANG_CXX_LANGUAGE_STANDARD = "gnu++14";
				CLANG_CXX_LIBRARY = "libc++";
				CLANG_ENABLE_MODULES = YES;
				CLANG_ENABLE_OBJC_ARC = YES;
				CLANG_ENABLE_OBJC_WEAK = YES;
				CLANG_WARN_BLOCK_CAPTURE_AUTORELEASING = YES;
				CLANG_WARN_BOOL_CONVERSION = YES;
				CLANG_WARN_COMMA = YES;
				CLANG_WARN_CONSTANT_CONVERSION = YES;
				CLANG_WARN_DEPRECATED_OBJC_IMPLEMENTATIONS = YES;
				CLANG_WARN_DIRECT_OBJC_ISA_USAGE = YES_ERROR;
				CLANG_WARN_DOCUMENTATION_COMMENTS = YES;
				CLANG_WARN_EMPTY_BODY = YES;
				CLANG_WARN_ENUM_CONVERSION = YES;
				CLANG_WARN_INFINITE_RECURSION = YES;
				CLANG_WARN_INT_CONVERSION = YES;
				CLANG_WARN_NON_LITERAL_NULL_CONVERSION = YES;
				CLANG_WARN_OBJC_IMPLICIT_RETAIN_SELF = YES;
				CLANG_WARN_OBJC_LITERAL_CONVERSION = YES;
				CLANG_WARN_OBJC_ROOT_CLASS = YES_ERROR;
				CLANG_WARN_RANGE_LOOP_ANALYSIS = YES;
				CLANG_WARN_STRICT_PROTOTYPES = YES;
				CLANG_WARN_SUSPICIOUS_MOVE = YES;
				CLANG_WARN_UNGUARDED_AVAILABILITY = YES_AGGRESSIVE;
				CLANG_WARN_UNREACHABLE_CODE = YES;
				CLANG_WARN__DUPLICATE_METHOD_MATCH = YES;
				COPY_PHASE_STRIP = NO;
				DEBUG_INFORMATION_FORMAT = dwarf;
				ENABLE_STRICT_OBJC_MSGSEND = YES;
				ENABLE_TESTABILITY = YES;
				GCC_C_LANGUAGE_STANDARD = gnu11;
				GCC_DYNAMIC_NO_PIC = NO;
				GCC_NO_COMMON_BLOCKS = YES;
				GCC_OPTIMIZATION_LEVEL = 0;
				GCC_PREPROCESSOR_DEFINITIONS = (
					"DEBUG=1",
					"$(inherited)",
				);
				GCC_WARN_64_TO_32_BIT_CONVERSION = YES;
				GCC_WARN_ABOUT_RETURN_TYPE = YES_ERROR;
				GCC_WARN_UNDECLARED_SELECTOR = YES;
				GCC_WARN_UNINITIALIZED_AUTOS = YES_AGGRESSIVE;
				GCC_WARN_UNUSED_FUNCTION = YES;
				GCC_WARN_UNUSED_VARIABLE = YES;
				IPHONEOS_DEPLOYMENT_TARGET = 13.5;
				MTL_ENABLE_DEBUG_INFO = INCLUDE_SOURCE;
				MTL_FAST_MATH = YES;
				ONLY_ACTIVE_ARCH = YES;
				SDKROOT = iphoneos;
				SWIFT_ACTIVE_COMPILATION_CONDITIONS = DEBUG;
				SWIFT_OPTIMIZATION_LEVEL = "-Onone";
			};
			name = Debug;
		};
		FDB156BD255A44B100A42DEE /* Release */ = {
			isa = XCBuildConfiguration;
			buildSettings = {
				ALWAYS_SEARCH_USER_PATHS = NO;
				CLANG_ANALYZER_NONNULL = YES;
				CLANG_ANALYZER_NUMBER_OBJECT_CONVERSION = YES_AGGRESSIVE;
				CLANG_CXX_LANGUAGE_STANDARD = "gnu++14";
				CLANG_CXX_LIBRARY = "libc++";
				CLANG_ENABLE_MODULES = YES;
				CLANG_ENABLE_OBJC_ARC = YES;
				CLANG_ENABLE_OBJC_WEAK = YES;
				CLANG_WARN_BLOCK_CAPTURE_AUTORELEASING = YES;
				CLANG_WARN_BOOL_CONVERSION = YES;
				CLANG_WARN_COMMA = YES;
				CLANG_WARN_CONSTANT_CONVERSION = YES;
				CLANG_WARN_DEPRECATED_OBJC_IMPLEMENTATIONS = YES;
				CLANG_WARN_DIRECT_OBJC_ISA_USAGE = YES_ERROR;
				CLANG_WARN_DOCUMENTATION_COMMENTS = YES;
				CLANG_WARN_EMPTY_BODY = YES;
				CLANG_WARN_ENUM_CONVERSION = YES;
				CLANG_WARN_INFINITE_RECURSION = YES;
				CLANG_WARN_INT_CONVERSION = YES;
				CLANG_WARN_NON_LITERAL_NULL_CONVERSION = YES;
				CLANG_WARN_OBJC_IMPLICIT_RETAIN_SELF = YES;
				CLANG_WARN_OBJC_LITERAL_CONVERSION = YES;
				CLANG_WARN_OBJC_ROOT_CLASS = YES_ERROR;
				CLANG_WARN_RANGE_LOOP_ANALYSIS = YES;
				CLANG_WARN_STRICT_PROTOTYPES = YES;
				CLANG_WARN_SUSPICIOUS_MOVE = YES;
				CLANG_WARN_UNGUARDED_AVAILABILITY = YES_AGGRESSIVE;
				CLANG_WARN_UNREACHABLE_CODE = YES;
				CLANG_WARN__DUPLICATE_METHOD_MATCH = YES;
				COPY_PHASE_STRIP = NO;
				DEBUG_INFORMATION_FORMAT = "dwarf-with-dsym";
				ENABLE_NS_ASSERTIONS = NO;
				ENABLE_STRICT_OBJC_MSGSEND = YES;
				GCC_C_LANGUAGE_STANDARD = gnu11;
				GCC_NO_COMMON_BLOCKS = YES;
				GCC_WARN_64_TO_32_BIT_CONVERSION = YES;
				GCC_WARN_ABOUT_RETURN_TYPE = YES_ERROR;
				GCC_WARN_UNDECLARED_SELECTOR = YES;
				GCC_WARN_UNINITIALIZED_AUTOS = YES_AGGRESSIVE;
				GCC_WARN_UNUSED_FUNCTION = YES;
				GCC_WARN_UNUSED_VARIABLE = YES;
				IPHONEOS_DEPLOYMENT_TARGET = 13.5;
				MTL_ENABLE_DEBUG_INFO = NO;
				MTL_FAST_MATH = YES;
				SDKROOT = iphoneos;
				SWIFT_COMPILATION_MODE = wholemodule;
				SWIFT_OPTIMIZATION_LEVEL = "-O";
				VALIDATE_PRODUCT = YES;
			};
			name = Release;
		};
		FDB156BF255A44B100A42DEE /* Debug */ = {
			isa = XCBuildConfiguration;
			baseConfigurationReference = A98991A1008AB7CFA897A618 /* Pods-taskapp.debug.xcconfig */;
			buildSettings = {
				ASSETCATALOG_COMPILER_APPICON_NAME = AppIcon;
				CODE_SIGN_STYLE = Automatic;
				DEVELOPMENT_TEAM = U2H4Y549P5;
				INFOPLIST_FILE = taskapp/Info.plist;
				LD_RUNPATH_SEARCH_PATHS = (
					"$(inherited)",
					"@executable_path/Frameworks",
				);
				PRODUCT_BUNDLE_IDENTIFIER = jp.techacademy.satoshi.nakamura.taskapp;
				PRODUCT_NAME = "$(TARGET_NAME)";
				SWIFT_VERSION = 5.0;
				TARGETED_DEVICE_FAMILY = 1;
			};
			name = Debug;
		};
		FDB156C0255A44B100A42DEE /* Release */ = {
			isa = XCBuildConfiguration;
			baseConfigurationReference = 49891EC3B71D507B073DD7AB /* Pods-taskapp.release.xcconfig */;
			buildSettings = {
				ASSETCATALOG_COMPILER_APPICON_NAME = AppIcon;
				CODE_SIGN_STYLE = Automatic;
				DEVELOPMENT_TEAM = U2H4Y549P5;
				INFOPLIST_FILE = taskapp/Info.plist;
				LD_RUNPATH_SEARCH_PATHS = (
					"$(inherited)",
					"@executable_path/Frameworks",
				);
				PRODUCT_BUNDLE_IDENTIFIER = jp.techacademy.satoshi.nakamura.taskapp;
				PRODUCT_NAME = "$(TARGET_NAME)";
				SWIFT_VERSION = 5.0;
				TARGETED_DEVICE_FAMILY = 1;
			};
			name = Release;
		};
/* End XCBuildConfiguration section */

/* Begin XCConfigurationList section */
		FDB156A5255A44AD00A42DEE /* Build configuration list for PBXProject "taskapp" */ = {
			isa = XCConfigurationList;
			buildConfigurations = (
				FDB156BC255A44B100A42DEE /* Debug */,
				FDB156BD255A44B100A42DEE /* Release */,
			);
			defaultConfigurationIsVisible = 0;
			defaultConfigurationName = Release;
		};
		FDB156BE255A44B100A42DEE /* Build configuration list for PBXNativeTarget "taskapp" */ = {
			isa = XCConfigurationList;
			buildConfigurations = (
				FDB156BF255A44B100A42DEE /* Debug */,
				FDB156C0255A44B100A42DEE /* Release */,
			);
			defaultConfigurationIsVisible = 0;
			defaultConfigurationName = Release;
		};
/* End XCConfigurationList section */
	};
	rootObject = FDB156A2255A44AD00A42DEE /* Project object */;
}
